
Microsoft Visual Studio Solution File, Format Version 12.00
# Visual Studio Version 16
VisualStudioVersion = 16.0.30523.141
MinimumVisualStudioVersion = 10.0.40219.1
Project("{888888A0-9F3D-457C-B088-3A5042F75D52}") = "MLA Selection", "MLA Selection.pyproj", "{AC296CA1-7E61-4F6C-AEDC-D4963983C12E}"
EndProject
Global
	GlobalSection(SolutionConfigurationPlatforms) = preSolution
		Debug|Any CPU = Debug|Any CPU
		Release|Any CPU = Release|Any CPU
	EndGlobalSection
	GlobalSection(ProjectConfigurationPlatforms) = postSolution
		{AC296CA1-7E61-4F6C-AEDC-D4963983C12E}.Debug|Any CPU.ActiveCfg = Debug|Any CPU
		{AC296CA1-7E61-4F6C-AEDC-D4963983C12E}.Release|Any CPU.ActiveCfg = Release|Any CPU
	EndGlobalSection
	GlobalSection(SolutionProperties) = preSolution
		HideSolutionNode = FALSE
	EndGlobalSection
	GlobalSection(ExtensibilityGlobals) = postSolution
		SolutionGuid = {756CA7A4-BD3A-4007-B25C-8F3A704DBF5B}
	EndGlobalSection
EndGlobal
